
Microsoft Visual Studio Solution File, Format Version 12.00
# Visual Studio Version 17
VisualStudioVersion = 17.11.35431.28
MinimumVisualStudioVersion = 10.0.40219.1
Project("{FAE04EC0-301F-11D3-BF4B-00C04F79EFBC}") = "ModeloDominio", "ClassLibrary1\ModeloDominio.csproj", "{5A5CE235-49E6-443D-9A6C-ED15762A66DA}"
EndProject
Project("{9A19103F-16F7-4668-BE54-9A1E7A4F7556}") = "LogicaNegocio", "LogicaNegocio\LogicaNegocio.csproj", "{FB9E2E12-785B-4A51-958B-148D81FE9A63}"
EndProject
Project("{9A19103F-16F7-4668-BE54-9A1E7A4F7556}") = "Persistencia", "Persistencia\Persistencia.csproj", "{4E804F5D-6137-470B-A440-B72ED6E58701}"
EndProject
Project("{FAE04EC0-301F-11D3-BF4B-00C04F79EFBC}") = "Presentacion", "Presentacion\Presentacion.csproj", "{6A05D5E6-C021-4DF3-A233-6D02CB2E4B6B}"
EndProject
Global
	GlobalSection(SolutionConfigurationPlatforms) = preSolution
		Debug|Any CPU = Debug|Any CPU
		Release|Any CPU = Release|Any CPU
	EndGlobalSection
	GlobalSection(ProjectConfigurationPlatforms) = postSolution
		{5A5CE235-49E6-443D-9A6C-ED15762A66DA}.Debug|Any CPU.ActiveCfg = Debug|Any CPU
		{5A5CE235-49E6-443D-9A6C-ED15762A66DA}.Debug|Any CPU.Build.0 = Debug|Any CPU
		{5A5CE235-49E6-443D-9A6C-ED15762A66DA}.Release|Any CPU.ActiveCfg = Release|Any CPU
		{5A5CE235-49E6-443D-9A6C-ED15762A66DA}.Release|Any CPU.Build.0 = Release|Any CPU
		{FB9E2E12-785B-4A51-958B-148D81FE9A63}.Debug|Any CPU.ActiveCfg = Debug|Any CPU
		{FB9E2E12-785B-4A51-958B-148D81FE9A63}.Debug|Any CPU.Build.0 = Debug|Any CPU
		{FB9E2E12-785B-4A51-958B-148D81FE9A63}.Release|Any CPU.ActiveCfg = Release|Any CPU
		{FB9E2E12-785B-4A51-958B-148D81FE9A63}.Release|Any CPU.Build.0 = Release|Any CPU
		{4E804F5D-6137-470B-A440-B72ED6E58701}.Debug|Any CPU.ActiveCfg = Debug|Any CPU
		{4E804F5D-6137-470B-A440-B72ED6E58701}.Debug|Any CPU.Build.0 = Debug|Any CPU
		{4E804F5D-6137-470B-A440-B72ED6E58701}.Release|Any CPU.ActiveCfg = Release|Any CPU
		{4E804F5D-6137-470B-A440-B72ED6E58701}.Release|Any CPU.Build.0 = Release|Any CPU
		{6A05D5E6-C021-4DF3-A233-6D02CB2E4B6B}.Debug|Any CPU.ActiveCfg = Debug|Any CPU
		{6A05D5E6-C021-4DF3-A233-6D02CB2E4B6B}.Debug|Any CPU.Build.0 = Debug|Any CPU
		{6A05D5E6-C021-4DF3-A233-6D02CB2E4B6B}.Release|Any CPU.ActiveCfg = Release|Any CPU
		{6A05D5E6-C021-4DF3-A233-6D02CB2E4B6B}.Release|Any CPU.Build.0 = Release|Any CPU
	EndGlobalSection
	GlobalSection(SolutionProperties) = preSolution
		HideSolutionNode = FALSE
	EndGlobalSection
	GlobalSection(ExtensibilityGlobals) = postSolution
		SolutionGuid = {D9FFE687-FAD9-41FC-91BF-650D1BB47CDB}
	EndGlobalSection
EndGlobal
